<?xml version="1.0" encoding="utf-8"?>
<Project ToolsVersion="17.0" xmlns="http://schemas.microsoft.com/developer/msbuild/2003">
  <ItemGroup>
    <CustomBuild Include="C:\Users\kayla\Documents\Programming\Programs\C++\Fish_Factory\modules\tmp\CMakeFiles\eda154645f1b3acbf0e1c808a4d536b9\PACKAGE_force.rule">
      <Filter>CMake Rules</Filter>
    </CustomBuild>
  </ItemGroup>
  <ItemGroup>
    <Filter Include="CMake Rules">
      <UniqueIdentifier>{79CA2980-39B2-334A-B4F9-77970B2A3C85}</UniqueIdentifier>
    </Filter>
  </ItemGroup>
</Project>
